
Microsoft Visual Studio Solution File, Format Version 12.00
# Visual Studio Version 17
VisualStudioVersion = 17.0.32126.317
MinimumVisualStudioVersion = 10.0.40219.1
Project("{9A19103F-16F7-4668-BE54-9A1E7A4F7556}") = "WebBoosty", "WebBoosty\WebBoosty.csproj", "{EC7F1EFC-E269-4C18-AD48-0F3F60D65BB7}"
EndProject
Global
	GlobalSection(SolutionConfigurationPlatforms) = preSolution
		Debug|Any CPU = Debug|Any CPU
		Release|Any CPU = Release|Any CPU
	EndGlobalSection
	GlobalSection(ProjectConfigurationPlatforms) = postSolution
		{EC7F1EFC-E269-4C18-AD48-0F3F60D65BB7}.Debug|Any CPU.ActiveCfg = Debug|Any CPU
		{EC7F1EFC-E269-4C18-AD48-0F3F60D65BB7}.Debug|Any CPU.Build.0 = Debug|Any CPU
		{EC7F1EFC-E269-4C18-AD48-0F3F60D65BB7}.Release|Any CPU.ActiveCfg = Release|Any CPU
		{EC7F1EFC-E269-4C18-AD48-0F3F60D65BB7}.Release|Any CPU.Build.0 = Release|Any CPU
	EndGlobalSection
	GlobalSection(SolutionProperties) = preSolution
		HideSolutionNode = FALSE
	EndGlobalSection
	GlobalSection(ExtensibilityGlobals) = postSolution
		SolutionGuid = {6A0C94B0-E318-4D36-8975-D72029C6F78A}
	EndGlobalSection
EndGlobal
